{
  "name": "npm",
  "version": "1.0.0",
  "lockfileVersion": 1,
  "requires": true,
  "dependencies": {
    "@browser-logos/android": {
      "version": "1.0.11",
      "resolved": "https://registry.npmjs.org/@browser-logos/android/-/android-1.0.11.tgz",
      "integrity": "sha1-KUP5ims7cruU6fXTlAPmiqdWL34=",
      "dev": true
    },
    "@browser-logos/chrome": {
      "version": "1.0.18",
      "resolved": "https://registry.npmjs.org/@browser-logos/chrome/-/chrome-1.0.18.tgz",
      "integrity": "sha1-8DGsPhgtluOVMFuoaGGNHxjPnpE=",
      "dev": true
    },
    "@browser-logos/edge": {
      "version": "1.0.10",
      "resolved": "https://registry.npmjs.org/@browser-logos/edge/-/edge-1.0.10.tgz",
      "integrity": "sha1-SVhpqUHVf0MYdTeVvuIjULrfjb0=",
      "dev": true
    },
    "@browser-logos/firefox": {
      "version": "1.0.3",
      "resolved": "https://registry.npmjs.org/@browser-logos/firefox/-/firefox-1.0.3.tgz",
      "integrity": "sha1-3nE1g5wSOtPl0PQZk7FwuxkUtfQ=",
      "dev": true
    },
    "@browser-logos/safari": {
      "version": "1.0.8",
      "resolved": "https://registry.npmjs.org/@browser-logos/safari/-/safari-1.0.8.tgz",
      "integrity": "sha1-e/MpD8GJENsz/tvgdyZS+dJJwDg=",
      "dev": true
    },
    "@browser-logos/safari-ios": {
      "version": "1.0.15",
      "resolved": "https://registry.npmjs.org/@browser-logos/safari-ios/-/safari-ios-1.0.15.tgz",
      "integrity": "sha1-67ElcNEo6HsIQsrXm3z6x69fIAo=",
      "dev": true
    },
    "jquery": {
      "version": "3.2.1",
      "resolved": "https://registry.npmjs.org/jquery/-/jquery-3.2.1.tgz",
      "integrity": "sha1-XE2d5lKvbNCncBVKYxu6ErAVx4c=",
      "dev": true
    }
  }
}
