lockfileVersion: 5.4

specifiers:
  '@browser-logos/android': ^1.0.3
  '@browser-logos/chrome': ^1.0.1
  '@browser-logos/edge': ^1.0.1
  '@browser-logos/firefox': ^1.0.1
  '@browser-logos/safari': ^1.0.0
  '@browser-logos/safari-ios': ^1.0.0
  jquery: 3.2.1

devDependencies:
  '@browser-logos/android': 1.0.11
  '@browser-logos/chrome': 1.0.18
  '@browser-logos/edge': 1.0.10
  '@browser-logos/firefox': 1.0.3
  '@browser-logos/safari': 1.0.8
  '@browser-logos/safari-ios': 1.0.15
  jquery: 3.2.1

packages:

  /@browser-logos/android/1.0.11:
    resolution: {integrity: sha512-m2gNFyr9TwKch/5wMm6xxCO+Vip2rUZBKpx6DHuJufJ9Bmbtv+gB9OS0Frd7yMQ7kpUDfub9Rdt0TNrr4i3E6A==}
    dev: true

  /@browser-logos/chrome/1.0.18:
    resolution: {integrity: sha512-pr1/ULC2F2/Wvhf/1d3gGTgP4zYAOwHHxcEUUXEIWoYjoiH6X8ly37HRdp/uoilY4OMY45uRBDdJ+8yzh5w6rw==}
    dev: true

  /@browser-logos/edge/1.0.10:
    resolution: {integrity: sha512-PYqLl7uSAYSmV6/uY6Y0o/CyK6gT2Ddi9G/Y88xWXrAtdK88Q0Zqw+e3CRII8pvy2ihFo3OQ9zPx/mW6LlUDNw==}
    dev: true

  /@browser-logos/firefox/1.0.3:
    resolution: {integrity: sha512-nfplcKUop9LakYGlQvqalIlMX4U9NFIuY+NlCUZtW8EEHx1gk0otQFy41J1do+FfFLv+FyHGbYfE1m2z5CfL1w==}
    dev: true

  /@browser-logos/safari-ios/1.0.15:
    resolution: {integrity: sha512-Wia4FKbQvDGSGzbzBEaW1BPr7f/rZEGGVAnukpD+2RgAVvEs42Pr6wKitLk7bFhYwDSt/cP5g+MTmKP0Qet+qQ==}
    dev: true

  /@browser-logos/safari/1.0.8:
    resolution: {integrity: sha512-A5pFCgRr1iJa6odek/FCiQE+ce4zT6/K6+1j90PwjyRq8z71on/slqTr0LlPmlQwmATsBtT7kDvU1P9wvVkqzA==}
    dev: true

  /jquery/3.2.1:
    resolution: {integrity: sha512-iQUctXqe/nSa7hshPkQnJaJEUfxM139//hg2nJj+wsqVvd/YgXALR3jTNGh7BylgsyfcC8r4i2cJrClGBkDu5Q==}
    dev: true
