lockfileVersion: '9.0'

settings:
  autoInstallPeers: true
  excludeLinksFromLockfile: false

importers:

  .:
    devDependencies:
      '@browser-logos/chrome':
        specifier: ^2.0.0
        version: 2.0.0
      '@browser-logos/edge':
        specifier: ^2.0.5
        version: 2.0.7
      '@browser-logos/firefox':
        specifier: ^3.0.9
        version: 3.0.10
      '@browser-logos/safari':
        specifier: ^2.0.1
        version: 2.1.0
      jquery:
        specifier: 3.2.1
        version: 3.2.1

packages:

  '@browser-logos/chrome@2.0.0':
    resolution: {integrity: sha512-JDr78z/3x4zTtBgZ0bunFq9D4QhjT5gPBy90rpJQ5VlJugK/7xGFUgwUIkVT5vfU7lTi2F0wB/5XeOPrV67ErA==}

  '@browser-logos/edge@2.0.7':
    resolution: {integrity: sha512-hH7CXLY5kCqSCF5ZJdJ+kkzd/0kj8E+wfBIQyLcX6VHugSBhJiRU5y1njIOSkZxMUgXSO3HjV1i4LnBDFHCkzg==}

  '@browser-logos/firefox@3.0.10':
    resolution: {integrity: sha512-Bys3b02btUOvZyt02fFXfqPiNhYX6ukCtdvs4ERCSYnf6BVqCqeBR8niRYgyaECTdZwzqNCaUUKwQ0JX7lV1/A==}

  '@browser-logos/safari@2.1.0':
    resolution: {integrity: sha512-diidPiK62E4hlAh0dyLfWQDZXi2SSAGiOuw6iqD1x8ztw7L/Sz3He46FhcxEzYa1hKi1blCkjnKDjqw6rQfgcA==}

  jquery@3.2.1:
    resolution: {integrity: sha512-iQUctXqe/nSa7hshPkQnJaJEUfxM139//hg2nJj+wsqVvd/YgXALR3jTNGh7BylgsyfcC8r4i2cJrClGBkDu5Q==}

snapshots:

  '@browser-logos/chrome@2.0.0': {}

  '@browser-logos/edge@2.0.7': {}

  '@browser-logos/firefox@3.0.10': {}

  '@browser-logos/safari@2.1.0': {}

  jquery@3.2.1: {}
